// !$*UTF8*$!
{
	archiveVersion = 1;
	classes = {
	};
	objectVersion = 46;
	objects = {

/* Begin PBXBuildFile section */
		4CAC668A1B978919007EC7A9 /* AppDelegate.swift in Sources */ = {isa = PBXBuildFile; fileRef = 4CAC66891B978919007EC7A9 /* AppDelegate.swift */; };
		4CAC668C1B978919007EC7A9 /* ViewController.swift in Sources */ = {isa = PBXBuildFile; fileRef = 4CAC668B1B978919007EC7A9 /* ViewController.swift */; };
		4CAC668F1B978919007EC7A9 /* Main.storyboard in Resources */ = {isa = PBXBuildFile; fileRef = 4CAC668D1B978919007EC7A9 /* Main.storyboard */; };
		4CAC66911B978919007EC7A9 /* Images.xcassets in Resources */ = {isa = PBXBuildFile; fileRef = 4CAC66901B978919007EC7A9 /* Images.xcassets */; };
		4CAC66941B978919007EC7A9 /* LaunchScreen.xib in Resources */ = {isa = PBXBuildFile; fileRef = 4CAC66921B978919007EC7A9 /* LaunchScreen.xib */; };
		4CAC66A01B97891A007EC7A9 /* DT_Sid_In_AppTests.swift in Sources */ = {isa = PBXBuildFile; fileRef = 4CAC669F1B97891A007EC7A9 /* DT_Sid_In_AppTests.swift */; };
/* End PBXBuildFile section */

/* Begin PBXContainerItemProxy section */
		4CAC669A1B97891A007EC7A9 /* PBXContainerItemProxy */ = {
			isa = PBXContainerItemProxy;
			containerPortal = 4CAC667C1B978919007EC7A9 /* Project object */;
			proxyType = 1;
			remoteGlobalIDString = 4CAC66831B978919007EC7A9;
			remoteInfo = "DT Sid-In App";
		};
/* End PBXContainerItemProxy section */

/* Begin PBXFileReference section */
		4CAC66841B978919007EC7A9 /* DT Sid-In App.app */ = {isa = PBXFileReference; explicitFileType = wrapper.application; includeInIndex = 0; path = "DT Sid-In App.app"; sourceTree = BUILT_PRODUCTS_DIR; };
		4CAC66881B978919007EC7A9 /* Info.plist */ = {isa = PBXFileReference; lastKnownFileType = text.plist.xml; path = Info.plist; sourceTree = "<group>"; };
		4CAC66891B978919007EC7A9 /* AppDelegate.swift */ = {isa = PBXFileReference; lastKnownFileType = sourcecode.swift; path = AppDelegate.swift; sourceTree = "<group>"; };
		4CAC668B1B978919007EC7A9 /* ViewController.swift */ = {isa = PBXFileReference; lastKnownFileType = sourcecode.swift; path = ViewController.swift; sourceTree = "<group>"; };
		4CAC668E1B978919007EC7A9 /* Base */ = {isa = PBXFileReference; lastKnownFileType = file.storyboard; name = Base; path = Base.lproj/Main.storyboard; sourceTree = "<group>"; };
		4CAC66901B978919007EC7A9 /* Images.xcassets */ = {isa = PBXFileReference; lastKnownFileType = folder.assetcatalog; path = Images.xcassets; sourceTree = "<group>"; };
		4CAC66931B978919007EC7A9 /* Base */ = {isa = PBXFileReference; lastKnownFileType = file.xib; name = Base; path = Base.lproj/LaunchScreen.xib; sourceTree = "<group>"; };
		4CAC66991B97891A007EC7A9 /* DT Sid-In AppTests.xctest */ = {isa = PBXFileReference; explicitFileType = wrapper.cfbundle; includeInIndex = 0; path = "DT Sid-In AppTests.xctest"; sourceTree = BUILT_PRODUCTS_DIR; };
		4CAC669E1B97891A007EC7A9 /* Info.plist */ = {isa = PBXFileReference; lastKnownFileType = text.plist.xml; path = Info.plist; sourceTree = "<group>"; };
		4CAC669F1B97891A007EC7A9 /* DT_Sid_In_AppTests.swift */ = {isa = PBXFileReference; lastKnownFileType = sourcecode.swift; path = DT_Sid_In_AppTests.swift; sourceTree = "<group>"; };
/* End PBXFileReference section */

/* Begin PBXFrameworksBuildPhase section */
		4CAC66811B978919007EC7A9 /* Frameworks */ = {
			isa = PBXFrameworksBuildPhase;
			buildActionMask = 2147483647;
			files = (
			);
			runOnlyForDeploymentPostprocessing = 0;
		};
		4CAC66961B97891A007EC7A9 /* Frameworks */ = {
			isa = PBXFrameworksBuildPhase;
			buildActionMask = 2147483647;
			files = (
			);
			runOnlyForDeploymentPostprocessing = 0;
		};
/* End PBXFrameworksBuildPhase section */

/* Begin PBXGroup section */
		4CAC667B1B978919007EC7A9 = {
			isa = PBXGroup;
			children = (
				4CAC66861B978919007EC7A9 /* DT Sid-In App */,
				4CAC669C1B97891A007EC7A9 /* DT Sid-In AppTests */,
				4CAC66851B978919007EC7A9 /* Products */,
			);
			sourceTree = "<group>";
		};
		4CAC66851B978919007EC7A9 /* Products */ = {
			isa = PBXGroup;
			children = (
				4CAC66841B978919007EC7A9 /* DT Sid-In App.app */,
				4CAC66991B97891A007EC7A9 /* DT Sid-In AppTests.xctest */,
			);
			name = Products;
			sourceTree = "<group>";
		};
		4CAC66861B978919007EC7A9 /* DT Sid-In App */ = {
			isa = PBXGroup;
			children = (
				4CAC66891B978919007EC7A9 /* AppDelegate.swift */,
				4CAC668B1B978919007EC7A9 /* ViewController.swift */,
				4CAC668D1B978919007EC7A9 /* Main.storyboard */,
				4CAC66901B978919007EC7A9 /* Images.xcassets */,
				4CAC66921B978919007EC7A9 /* LaunchScreen.xib */,
				4CAC66871B978919007EC7A9 /* Supporting Files */,
			);
			path = "DT Sid-In App";
			sourceTree = "<group>";
		};
		4CAC66871B978919007EC7A9 /* Supporting Files */ = {
			isa = PBXGroup;
			children = (
				4CAC66881B978919007EC7A9 /* Info.plist */,
			);
			name = "Supporting Files";
			sourceTree = "<group>";
		};
		4CAC669C1B97891A007EC7A9 /* DT Sid-In AppTests */ = {
			isa = PBXGroup;
			children = (
				4CAC669F1B97891A007EC7A9 /* DT_Sid_In_AppTests.swift */,
				4CAC669D1B97891A007EC7A9 /* Supporting Files */,
			);
			path = "DT Sid-In AppTests";
			sourceTree = "<group>";
		};
		4CAC669D1B97891A007EC7A9 /* Supporting Files */ = {
			isa = PBXGroup;
			children = (
				4CAC669E1B97891A007EC7A9 /* Info.plist */,
			);
			name = "Supporting Files";
			sourceTree = "<group>";
		};
/* End PBXGroup section */

/* Begin PBXNativeTarget section */
		4CAC66831B978919007EC7A9 /* DT Sid-In App */ = {
			isa = PBXNativeTarget;
			buildConfigurationList = 4CAC66A31B97891A007EC7A9 /* Build configuration list for PBXNativeTarget "DT Sid-In App" */;
			buildPhases = (
				4CAC66801B978919007EC7A9 /* Sources */,
				4CAC66811B978919007EC7A9 /* Frameworks */,
				4CAC66821B978919007EC7A9 /* Resources */,
			);
			buildRules = (
			);
			dependencies = (
			);
			name = "DT Sid-In App";
			productName = "DT Sid-In App";
			productReference = 4CAC66841B978919007EC7A9 /* DT Sid-In App.app */;
			productType = "com.apple.product-type.application";
		};
		4CAC66981B97891A007EC7A9 /* DT Sid-In AppTests */ = {
			isa = PBXNativeTarget;
			buildConfigurationList = 4CAC66A61B97891A007EC7A9 /* Build configuration list for PBXNativeTarget "DT Sid-In AppTests" */;
			buildPhases = (
				4CAC66951B97891A007EC7A9 /* Sources */,
				4CAC66961B97891A007EC7A9 /* Frameworks */,
				4CAC66971B97891A007EC7A9 /* Resources */,
			);
			buildRules = (
			);
			dependencies = (
				4CAC669B1B97891A007EC7A9 /* PBXTargetDependency */,
			);
			name = "DT Sid-In AppTests";
			productName = "DT Sid-In AppTests";
			productReference = 4CAC66991B97891A007EC7A9 /* DT Sid-In AppTests.xctest */;
			productType = "com.apple.product-type.bundle.unit-test";
		};
/* End PBXNativeTarget section */

/* Begin PBXProject section */
		4CAC667C1B978919007EC7A9 /* Project object */ = {
			isa = PBXProject;
			attributes = {
				LastUpgradeCheck = 0640;
				ORGANIZATIONNAME = EhB;
				TargetAttributes = {
					4CAC66831B978919007EC7A9 = {
						CreatedOnToolsVersion = 6.4;
					};
					4CAC66981B97891A007EC7A9 = {
						CreatedOnToolsVersion = 6.4;
						TestTargetID = 4CAC66831B978919007EC7A9;
					};
				};
			};
			buildConfigurationList = 4CAC667F1B978919007EC7A9 /* Build configuration list for PBXProject "DT Sid-In App" */;
			compatibilityVersion = "Xcode 3.2";
			developmentRegion = English;
			hasScannedForEncodings = 0;
			knownRegions = (
				en,
				Base,
			);
			mainGroup = 4CAC667B1B978919007EC7A9;
			productRefGroup = 4CAC66851B978919007EC7A9 /* Products */;
			projectDirPath = "";
			projectRoot = "";
			targets = (
				4CAC66831B978919007EC7A9 /* DT Sid-In App */,
				4CAC66981B97891A007EC7A9 /* DT Sid-In AppTests */,
			);
		};
/* End PBXProject section */

/* Begin PBXResourcesBuildPhase section */
		4CAC66821B978919007EC7A9 /* Resources */ = {
			isa = PBXResourcesBuildPhase;
			buildActionMask = 2147483647;
			files = (
				4CAC668F1B978919007EC7A9 /* Main.storyboard in Resources */,
				4CAC66941B978919007EC7A9 /* LaunchScreen.xib in Resources */,
				4CAC66911B978919007EC7A9 /* Images.xcassets in Resources */,
			);
			runOnlyForDeploymentPostprocessing = 0;
		};
		4CAC66971B97891A007EC7A9 /* Resources */ = {
			isa = PBXResourcesBuildPhase;
			buildActionMask = 2147483647;
			files = (
			);
			runOnlyForDeploymentPostprocessing = 0;
		};
/* End PBXResourcesBuildPhase section */

/* Begin PBXSourcesBuildPhase section */
		4CAC66801B978919007EC7A9 /* Sources */ = {
			isa = PBXSourcesBuildPhase;
			buildActionMask = 2147483647;
			files = (
				4CAC668C1B978919007EC7A9 /* ViewController.swift in Sources */,
				4CAC668A1B978919007EC7A9 /* AppDelegate.swift in Sources */,
			);
			runOnlyForDeploymentPostprocessing = 0;
		};
		4CAC66951B97891A007EC7A9 /* Sources */ = {
			isa = PBXSourcesBuildPhase;
			buildActionMask = 2147483647;
			files = (
				4CAC66A01B97891A007EC7A9 /* DT_Sid_In_AppTests.swift in Sources */,
			);
			runOnlyForDeploymentPostprocessing = 0;
		};
/* End PBXSourcesBuildPhase section */

/* Begin PBXTargetDependency section */
		4CAC669B1B97891A007EC7A9 /* PBXTargetDependency */ = {
			isa = PBXTargetDependency;
			target = 4CAC66831B978919007EC7A9 /* DT Sid-In App */;
			targetProxy = 4CAC669A1B97891A007EC7A9 /* PBXContainerItemProxy */;
		};
/* End PBXTargetDependency section */

/* Begin PBXVariantGroup section */
		4CAC668D1B978919007EC7A9 /* Main.storyboard */ = {
			isa = PBXVariantGroup;
			children = (
				4CAC668E1B978919007EC7A9 /* Base */,
			);
			name = Main.storyboard;
			sourceTree = "<group>";
		};
		4CAC66921B978919007EC7A9 /* LaunchScreen.xib */ = {
			isa = PBXVariantGroup;
			children = (
				4CAC66931B978919007EC7A9 /* Base */,
			);
			name = LaunchScreen.xib;
			sourceTree = "<group>";
		};
/* End PBXVariantGroup section */

/* Begin XCBuildConfiguration section */
		4CAC66A11B97891A007EC7A9 /* Debug */ = {
			isa = XCBuildConfiguration;
			buildSettings = {
				ALWAYS_SEARCH_USER_PATHS = NO;
				CLANG_CXX_LANGUAGE_STANDARD = "gnu++0x";
				CLANG_CXX_LIBRARY = "libc++";
				CLANG_ENABLE_MODULES = YES;
				CLANG_ENABLE_OBJC_ARC = YES;
				CLANG_WARN_BOOL_CONVERSION = YES;
				CLANG_WARN_CONSTANT_CONVERSION = YES;
				CLANG_WARN_DIRECT_OBJC_ISA_USAGE = YES_ERROR;
				CLANG_WARN_EMPTY_BODY = YES;
				CLANG_WARN_ENUM_CONVERSION = YES;
				CLANG_WARN_INT_CONVERSION = YES;
				CLANG_WARN_OBJC_ROOT_CLASS = YES_ERROR;
				CLANG_WARN_UNREACHABLE_CODE = YES;
				CLANG_WARN__DUPLICATE_METHOD_MATCH = YES;
				"CODE_SIGN_IDENTITY[sdk=iphoneos*]" = "iPhone Developer";
				COPY_PHASE_STRIP = NO;
				DEBUG_INFORMATION_FORMAT = "dwarf-with-dsym";
				ENABLE_STRICT_OBJC_MSGSEND = YES;
				GCC_C_LANGUAGE_STANDARD = gnu99;
				GCC_DYNAMIC_NO_PIC = NO;
				GCC_NO_COMMON_BLOCKS = YES;
				GCC_OPTIMIZATION_LEVEL = 0;
				GCC_PREPROCESSOR_DEFINITIONS = (
					"DEBUG=1",
					"$(inherited)",
				);
				GCC_SYMBOLS_PRIVATE_EXTERN = NO;
				GCC_WARN_64_TO_32_BIT_CONVERSION = YES;
				GCC_WARN_ABOUT_RETURN_TYPE = YES_ERROR;
				GCC_WARN_UNDECLARED_SELECTOR = YES;
				GCC_WARN_UNINITIALIZED_AUTOS = YES_AGGRESSIVE;
				GCC_WARN_UNUSED_FUNCTION = YES;
				GCC_WARN_UNUSED_VARIABLE = YES;
				IPHONEOS_DEPLOYMENT_TARGET = 8.4;
				MTL_ENABLE_DEBUG_INFO = YES;
				ONLY_ACTIVE_ARCH = YES;
				SDKROOT = iphoneos;
				SWIFT_OPTIMIZATION_LEVEL = "-Onone";
				TARGETED_DEVICE_FAMILY = 2;
			};
			name = Debug;
		};
		4CAC66A21B97891A007EC7A9 /* Release */ = {
			isa = XCBuildConfiguration;
			buildSettings = {
				ALWAYS_SEARCH_USER_PATHS = NO;
				CLANG_CXX_LANGUAGE_STANDARD = "gnu++0x";
				CLANG_CXX_LIBRARY = "libc++";
				CLANG_ENABLE_MODULES = YES;
				CLANG_ENABLE_OBJC_ARC = YES;
				CLANG_WARN_BOOL_CONVERSION = YES;
				CLANG_WARN_CONSTANT_CONVERSION = YES;
				CLANG_WARN_DIRECT_OBJC_ISA_USAGE = YES_ERROR;
				CLANG_WARN_EMPTY_BODY = YES;
				CLANG_WARN_ENUM_CONVERSION = YES;
				CLANG_WARN_INT_CONVERSION = YES;
				CLANG_WARN_OBJC_ROOT_CLASS = YES_ERROR;
				CLANG_WARN_UNREACHABLE_CODE = YES;
				CLANG_WARN__DUPLICATE_METHOD_MATCH = YES;
				"CODE_SIGN_IDENTITY[sdk=iphoneos*]" = "iPhone Developer";
				COPY_PHASE_STRIP = NO;
				DEBUG_INFORMATION_FORMAT = "dwarf-with-dsym";
				ENABLE_NS_ASSERTIONS = NO;
				ENABLE_STRICT_OBJC_MSGSEND = YES;
				GCC_C_LANGUAGE_STANDARD = gnu99;
				GCC_NO_COMMON_BLOCKS = YES;
				GCC_WARN_64_TO_32_BIT_CONVERSION = YES;
				GCC_WARN_ABOUT_RETURN_TYPE = YES_ERROR;
				GCC_WARN_UNDECLARED_SELECTOR = YES;
				GCC_WARN_UNINITIALIZED_AUTOS = YES_AGGRESSIVE;
				GCC_WARN_UNUSED_FUNCTION = YES;
				GCC_WARN_UNUSED_VARIABLE = YES;
				IPHONEOS_DEPLOYMENT_TARGET = 8.4;
				MTL_ENABLE_DEBUG_INFO = NO;
				SDKROOT = iphoneos;
				TARGETED_DEVICE_FAMILY = 2;
				VALIDATE_PRODUCT = YES;
			};
			name = Release;
		};
		4CAC66A41B97891A007EC7A9 /* Debug */ = {
			isa = XCBuildConfiguration;
			buildSettings = {
				ASSETCATALOG_COMPILER_APPICON_NAME = AppIcon;
				INFOPLIST_FILE = "DT Sid-In App/Info.plist";
				LD_RUNPATH_SEARCH_PATHS = "$(inherited) @executable_path/Frameworks";
				PRODUCT_NAME = "$(TARGET_NAME)";
			};
			name = Debug;
		};
		4CAC66A51B97891A007EC7A9 /* Release */ = {
			isa = XCBuildConfiguration;
			buildSettings = {
				ASSETCATALOG_COMPILER_APPICON_NAME = AppIcon;
				INFOPLIST_FILE = "DT Sid-In App/Info.plist";
				LD_RUNPATH_SEARCH_PATHS = "$(inherited) @executable_path/Frameworks";
				PRODUCT_NAME = "$(TARGET_NAME)";
			};
			name = Release;
		};
		4CAC66A71B97891A007EC7A9 /* Debug */ = {
			isa = XCBuildConfiguration;
			buildSettings = {
				BUNDLE_LOADER = "$(TEST_HOST)";
				FRAMEWORK_SEARCH_PATHS = (
					"$(SDKROOT)/Developer/Library/Frameworks",
					"$(inherited)",
				);
				GCC_PREPROCESSOR_DEFINITIONS = (
					"DEBUG=1",
					"$(inherited)",
				);
				INFOPLIST_FILE = "DT Sid-In AppTests/Info.plist";
				LD_RUNPATH_SEARCH_PATHS = "$(inherited) @executable_path/Frameworks @loader_path/Frameworks";
				PRODUCT_NAME = "$(TARGET_NAME)";
				TEST_HOST = "$(BUILT_PRODUCTS_DIR)/DT Sid-In App.app/DT Sid-In App";
			};
			name = Debug;
		};
		4CAC66A81B97891A007EC7A9 /* Release */ = {
			isa = XCBuildConfiguration;
			buildSettings = {
				BUNDLE_LOADER = "$(TEST_HOST)";
				FRAMEWORK_SEARCH_PATHS = (
					"$(SDKROOT)/Developer/Library/Frameworks",
					"$(inherited)",
				);
				INFOPLIST_FILE = "DT Sid-In AppTests/Info.plist";
				LD_RUNPATH_SEARCH_PATHS = "$(inherited) @executable_path/Frameworks @loader_path/Frameworks";
				PRODUCT_NAME = "$(TARGET_NAME)";
				TEST_HOST = "$(BUILT_PRODUCTS_DIR)/DT Sid-In App.app/DT Sid-In App";
			};
			name = Release;
		};
/* End XCBuildConfiguration section */

/* Begin XCConfigurationList section */
		4CAC667F1B978919007EC7A9 /* Build configuration list for PBXProject "DT Sid-In App" */ = {
			isa = XCConfigurationList;
			buildConfigurations = (
				4CAC66A11B97891A007EC7A9 /* Debug */,
				4CAC66A21B97891A007EC7A9 /* Release */,
			);
			defaultConfigurationIsVisible = 0;
			defaultConfigurationName = Release;
		};
		4CAC66A31B97891A007EC7A9 /* Build configuration list for PBXNativeTarget "DT Sid-In App" */ = {
			isa = XCConfigurationList;
			buildConfigurations = (
				4CAC66A41B97891A007EC7A9 /* Debug */,
				4CAC66A51B97891A007EC7A9 /* Release */,
			);
			defaultConfigurationIsVisible = 0;
		};
		4CAC66A61B97891A007EC7A9 /* Build configuration list for PBXNativeTarget "DT Sid-In AppTests" */ = {
			isa = XCConfigurationList;
			buildConfigurations = (
				4CAC66A71B97891A007EC7A9 /* Debug */,
				4CAC66A81B97891A007EC7A9 /* Release */,
			);
			defaultConfigurationIsVisible = 0;
		};
/* End XCConfigurationList section */
	};
	rootObject = 4CAC667C1B978919007EC7A9 /* Project object */;
}
